
Microsoft Visual Studio Solution File, Format Version 12.00
# Visual Studio Version 17
VisualStudioVersion = 17.4.33213.308
MinimumVisualStudioVersion = 10.0.40219.1
Project("{FAE04EC0-301F-11D3-BF4B-00C04F79EFBC}") = "Calculator", "Calculator\Calculator.csproj", "{4D8DCB2E-D71F-4AA1-8F67-FC8E03AD4F3C}"
EndProject
Global
	GlobalSection(SolutionConfigurationPlatforms) = preSolution
		Debug|Any CPU = Debug|Any CPU
		Release|Any CPU = Release|Any CPU
	EndGlobalSection
	GlobalSection(ProjectConfigurationPlatforms) = postSolution
		{4D8DCB2E-D71F-4AA1-8F67-FC8E03AD4F3C}.Debug|Any CPU.ActiveCfg = Debug|Any CPU
		{4D8DCB2E-D71F-4AA1-8F67-FC8E03AD4F3C}.Debug|Any CPU.Build.0 = Debug|Any CPU
		{4D8DCB2E-D71F-4AA1-8F67-FC8E03AD4F3C}.Release|Any CPU.ActiveCfg = Release|Any CPU
		{4D8DCB2E-D71F-4AA1-8F67-FC8E03AD4F3C}.Release|Any CPU.Build.0 = Release|Any CPU
	EndGlobalSection
	GlobalSection(SolutionProperties) = preSolution
		HideSolutionNode = FALSE
	EndGlobalSection
	GlobalSection(ExtensibilityGlobals) = postSolution
		SolutionGuid = {46FFCA37-CFAA-4CE0-B1F4-B2E05C454986}
	EndGlobalSection
EndGlobal
